{
  "name": "playwrite-automation",
  "version": "1.0.0",
  "lockfileVersion": 3,
  "requires": true,
  "packages": {
    "": {
      "name": "playwrite-automation",
      "version": "1.0.0",
      "license": "ISC",
      "dependencies": {
        "claude": "^0.1.1"
      },
      "devDependencies": {
        "@playwright/mcp": "^0.0.61",
        "@playwright/test": "1.58.2",
        "@stablyai/playwright-test": "^2.1.13",
        "playwright": "^1.58.2",
        "zod": "^4.3.6"
      }
    },
    "node_modules/@playwright/mcp": {
      "version": "0.0.61",
      "resolved": "https://registry.npmjs.org/@playwright/mcp/-/mcp-0.0.61.tgz",
      "integrity": "sha512-pj6QvE0j9sDQexykZ6KGs4iEvxl+Vc6G3/jgCgxPMMPgnNnG4vzWKsSHRjhmpef43b0J1Q5ilsqgzKvHEf9hEg==",
      "dev": true,
      "license": "Apache-2.0",
      "dependencies": {
        "playwright": "1.59.0-alpha-1769452054000",
        "playwright-core": "1.59.0-alpha-1769452054000"
      },
      "bin": {
        "playwright-mcp": "cli.js"
      },
      "engines": {
        "node": ">=18"
      }
    },
    "node_modules/@playwright/mcp/node_modules/playwright": {
      "version": "1.59.0-alpha-1769452054000",
      "resolved": "https://registry.npmjs.org/playwright/-/playwright-1.59.0-alpha-1769452054000.tgz",
      "integrity": "sha512-emHM/Pt6ACb0zZOOZNNQg6ahAbpiRKgWxmXeqhcmXWYbZ8zk+GIXavyBHYe5O3KC7GEHizECu83x1EldD3vs7Q==",
      "dev": true,
      "license": "Apache-2.0",
      "dependencies": {
        "playwright-core": "1.59.0-alpha-1769452054000"
      },
      "bin": {
        "playwright": "cli.js"
      },
      "engines": {
        "node": ">=18"
      },
      "optionalDependencies": {
        "fsevents": "2.3.2"
      }
    },
    "node_modules/@playwright/mcp/node_modules/playwright-core": {
      "version": "1.59.0-alpha-1769452054000",
      "resolved": "https://registry.npmjs.org/playwright-core/-/playwright-core-1.59.0-alpha-1769452054000.tgz",
      "integrity": "sha512-JulA7CBOf/Ks/MrXVpylMn9NLKRI933ZOR7A6lqW+VsAgSxrAE+j5BsxArSBaO1dUI1EfrVl0hDzVs4ftnWhaw==",
      "dev": true,
      "license": "Apache-2.0",
      "bin": {
        "playwright-core": "cli.js"
      },
      "engines": {
        "node": ">=18"
      }
    },
    "node_modules/@playwright/test": {
      "version": "1.58.2",
      "resolved": "https://registry.npmjs.org/@playwright/test/-/test-1.58.2.tgz",
      "integrity": "sha512-akea+6bHYBBfA9uQqSYmlJXn61cTa+jbO87xVLCWbTqbWadRVmhxlXATaOjOgcBaWU4ePo0wB41KMFv3o35IXA==",
      "dev": true,
      "license": "Apache-2.0",
      "dependencies": {
        "playwright": "1.58.2"
      },
      "bin": {
        "playwright": "cli.js"
      },
      "engines": {
        "node": ">=18"
      }
    },
    "node_modules/@stablyai/playwright": {
      "version": "2.1.13",
      "resolved": "https://registry.npmjs.org/@stablyai/playwright/-/playwright-2.1.13.tgz",
      "integrity": "sha512-PGE6hR5WTknfbEBz+KvhG9i2gukSYdie0at6SI0CnJPu13NvGBno1N0Fm/AePhtO5Kjn1mMWW5cRiknVP4bOwA==",
      "dev": true,
      "dependencies": {
        "@stablyai/playwright-base": "2.1.13"
      },
      "peerDependencies": {
        "@playwright/test": "^1.52.0"
      }
    },
    "node_modules/@stablyai/playwright-base": {
      "version": "2.1.13",
      "resolved": "https://registry.npmjs.org/@stablyai/playwright-base/-/playwright-base-2.1.13.tgz",
      "integrity": "sha512-F8lc2qSfNZQ53WeWWDLLZSpu6f2ZCuiVgGP0P0+PGdO9swCKEwV0f+ti7a4MlmgMlHoCsf5tvddXIVpikhPRlQ==",
      "dev": true,
      "dependencies": {
        "jpeg-js": "0.4.4",
        "p-retry": "^4.6.2",
        "pngjs": "7.0.0"
      },
      "engines": {
        "node": ">=18"
      },
      "peerDependencies": {
        "@playwright/test": "^1.52.0",
        "zod": "^3.25.0 || ^4.0.0"
      },
      "peerDependenciesMeta": {
        "zod": {
          "optional": true
        }
      }
    },
    "node_modules/@stablyai/playwright-test": {
      "version": "2.1.13",
      "resolved": "https://registry.npmjs.org/@stablyai/playwright-test/-/playwright-test-2.1.13.tgz",
      "integrity": "sha512-VXy65GukMkIsHtTuYuLhSP3l3YMl21ePTXKI2xLRBCkgzhTLdzat0vHM5TEh7vh58lsxmHlruMFESjcaIeb25g==",
      "dev": true,
      "dependencies": {
        "@stablyai/playwright": "2.1.13",
        "@stablyai/playwright-base": "2.1.13"
      },
      "peerDependencies": {
        "@playwright/test": "^1.52.0"
      }
    },
    "node_modules/@types/retry": {
      "version": "0.12.0",
      "resolved": "https://registry.npmjs.org/@types/retry/-/retry-0.12.0.tgz",
      "integrity": "sha512-wWKOClTTiizcZhXnPY4wikVAwmdYHp8q6DmC+EJUzAMsycb7HB32Kh9RN4+0gExjmPmZSAQjgURXIGATPegAvA==",
      "dev": true,
      "license": "MIT"
    },
    "node_modules/claude": {
      "version": "0.1.1",
      "resolved": "https://registry.npmjs.org/claude/-/claude-0.1.1.tgz",
      "integrity": "sha512-j7oSibqQdIODNhkI1sEJzHMiPsF43L/GqNbcA+eDDyGM10+x2sH9NW/PK6vM3z0J2tLDKMBcc5ZjVaoRinhuCA==",
      "license": "ISC"
    },
    "node_modules/fsevents": {
      "version": "2.3.2",
      "resolved": "https://registry.npmjs.org/fsevents/-/fsevents-2.3.2.tgz",
      "integrity": "sha512-xiqMQR4xAeHTuB9uWm+fFRcIOgKBMiOBP+eXiyT7jsgVCq1bkVygt00oASowB7EdtpOHaaPgKt812P9ab+DDKA==",
      "dev": true,
      "hasInstallScript": true,
      "license": "MIT",
      "optional": true,
      "os": [
        "darwin"
      ],
      "engines": {
        "node": "^8.16.0 || ^10.6.0 || >=11.0.0"
      }
    },
    "node_modules/jpeg-js": {
      "version": "0.4.4",
      "resolved": "https://registry.npmjs.org/jpeg-js/-/jpeg-js-0.4.4.tgz",
      "integrity": "sha512-WZzeDOEtTOBK4Mdsar0IqEU5sMr3vSV2RqkAIzUEV2BHnUfKGyswWFPFwK5EeDo93K3FohSHbLAjj0s1Wzd+dg==",
      "dev": true,
      "license": "BSD-3-Clause"
    },
    "node_modules/p-retry": {
      "version": "4.6.2",
      "resolved": "https://registry.npmjs.org/p-retry/-/p-retry-4.6.2.tgz",
      "integrity": "sha512-312Id396EbJdvRONlngUx0NydfrIQ5lsYu0znKVUzVvArzEIt08V1qhtyESbGVd1FGX7UKtiFp5uwKZdM8wIuQ==",
      "dev": true,
      "license": "MIT",
      "dependencies": {
        "@types/retry": "0.12.0",
        "retry": "^0.13.1"
      },
      "engines": {
        "node": ">=8"
      }
    },
    "node_modules/playwright": {
      "version": "1.58.2",
      "resolved": "https://registry.npmjs.org/playwright/-/playwright-1.58.2.tgz",
      "integrity": "sha512-vA30H8Nvkq/cPBnNw4Q8TWz1EJyqgpuinBcHET0YVJVFldr8JDNiU9LaWAE1KqSkRYazuaBhTpB5ZzShOezQ6A==",
      "dev": true,
      "license": "Apache-2.0",
      "dependencies": {
        "playwright-core": "1.58.2"
      },
      "bin": {
        "playwright": "cli.js"
      },
      "engines": {
        "node": ">=18"
      },
      "optionalDependencies": {
        "fsevents": "2.3.2"
      }
    },
    "node_modules/playwright-core": {
      "version": "1.58.2",
      "resolved": "https://registry.npmjs.org/playwright-core/-/playwright-core-1.58.2.tgz",
      "integrity": "sha512-yZkEtftgwS8CsfYo7nm0KE8jsvm6i/PTgVtB8DL726wNf6H2IMsDuxCpJj59KDaxCtSnrWan2AeDqM7JBaultg==",
      "dev": true,
      "license": "Apache-2.0",
      "bin": {
        "playwright-core": "cli.js"
      },
      "engines": {
        "node": ">=18"
      }
    },
    "node_modules/pngjs": {
      "version": "7.0.0",
      "resolved": "https://registry.npmjs.org/pngjs/-/pngjs-7.0.0.tgz",
      "integrity": "sha512-LKWqWJRhstyYo9pGvgor/ivk2w94eSjE3RGVuzLGlr3NmD8bf7RcYGze1mNdEHRP6TRP6rMuDHk5t44hnTRyow==",
      "dev": true,
      "license": "MIT",
      "engines": {
        "node": ">=14.19.0"
      }
    },
    "node_modules/retry": {
      "version": "0.13.1",
      "resolved": "https://registry.npmjs.org/retry/-/retry-0.13.1.tgz",
      "integrity": "sha512-XQBQ3I8W1Cge0Seh+6gjj03LbmRFWuoszgK9ooCpwYIrhhoO80pfq4cUkU5DkknwfOfFteRwlZ56PYOGYyFWdg==",
      "dev": true,
      "license": "MIT",
      "engines": {
        "node": ">= 4"
      }
    },
    "node_modules/zod": {
      "version": "4.3.6",
      "resolved": "https://registry.npmjs.org/zod/-/zod-4.3.6.tgz",
      "integrity": "sha512-rftlrkhHZOcjDwkGlnUtZZkvaPHCsDATp4pGpuOOMDaTdDDXF91wuVDJoWoPsKX/3YPQ5fHuF3STjcYyKr+Qhg==",
      "dev": true,
      "license": "MIT",
      "funding": {
        "url": "https://github.com/sponsors/colinhacks"
      }
    }
  }
}
